
Microsoft Visual Studio Solution File, Format Version 12.00
# Visual Studio Version 17
VisualStudioVersion = 17.7.34221.43
MinimumVisualStudioVersion = 10.0.40219.1
Project("{FAE04EC0-301F-11D3-BF4B-00C04F79EFBC}") = "WebTestingProject", "WebTestingProject\WebTestingProject.csproj", "{63A67BB1-10DC-480E-BB0C-3C2501C24815}"
EndProject
Global
	GlobalSection(SolutionConfigurationPlatforms) = preSolution
		Debug|Any CPU = Debug|Any CPU
		Release|Any CPU = Release|Any CPU
	EndGlobalSection
	GlobalSection(ProjectConfigurationPlatforms) = postSolution
		{63A67BB1-10DC-480E-BB0C-3C2501C24815}.Debug|Any CPU.ActiveCfg = Debug|Any CPU
		{63A67BB1-10DC-480E-BB0C-3C2501C24815}.Debug|Any CPU.Build.0 = Debug|Any CPU
		{63A67BB1-10DC-480E-BB0C-3C2501C24815}.Release|Any CPU.ActiveCfg = Release|Any CPU
		{63A67BB1-10DC-480E-BB0C-3C2501C24815}.Release|Any CPU.Build.0 = Release|Any CPU
	EndGlobalSection
	GlobalSection(SolutionProperties) = preSolution
		HideSolutionNode = FALSE
	EndGlobalSection
	GlobalSection(ExtensibilityGlobals) = postSolution
		SolutionGuid = {04B3CE61-91C9-4679-A648-1F3DC5DEABDB}
	EndGlobalSection
EndGlobal
